
Microsoft Visual Studio Solution File, Format Version 12.00
# Visual Studio Version 17
VisualStudioVersion = 17.12.35707.178
MinimumVisualStudioVersion = 10.0.40219.1
Project("{2150E333-8FDC-42A3-9474-1A3956D46DE8}") = "Shared", "Shared", "{3C2E3BD6-EF59-4C13-9F59-E1B583ED4998}"
EndProject
Project("{2150E333-8FDC-42A3-9474-1A3956D46DE8}") = "Src", "Src", "{A26680F8-73FE-4442-A903-196B17889F47}"
EndProject
Project("{FAE04EC0-301F-11D3-BF4B-00C04F79EFBC}") = "Edunite.DbService", "Edunite.DbService\Edunite.DbService.csproj", "{4DFAC2E4-C459-4E06-B7C0-482967024AD2}"
EndProject
Project("{FAE04EC0-301F-11D3-BF4B-00C04F79EFBC}") = "Edunite.DTO", "Edunite.DTO\Edunite.DTO.csproj", "{8F393109-FC47-4F8B-9305-94DAA51330A3}"
EndProject
Project("{FAE04EC0-301F-11D3-BF4B-00C04F79EFBC}") = "Edunite.Extension", "Edunite.Extension\Edunite.Extension.csproj", "{04E0051A-F5EF-41E7-B196-7A73B4DB6E2D}"
EndProject
Project("{FAE04EC0-301F-11D3-BF4B-00C04F79EFBC}") = "Edunite.Shared", "Edunite.Shared\Edunite.Shared.csproj", "{B4CBF42B-910B-4D1D-9D56-398A115FBDC1}"
EndProject
Project("{FAE04EC0-301F-11D3-BF4B-00C04F79EFBC}") = "Edunite.Utils", "Edunite.Utils\Edunite.Utils.csproj", "{C6EC9643-510B-4236-BE70-260D16C28267}"
EndProject
Project("{FAE04EC0-301F-11D3-BF4B-00C04F79EFBC}") = "Edunite.Application", "Edunite.Application\Edunite.Application.csproj", "{D0E068C4-D9E7-4A2F-9834-EBCD9BCC7A0D}"
EndProject
Project("{FAE04EC0-301F-11D3-BF4B-00C04F79EFBC}") = "Edunite.Domain", "Edunite.Domain\Edunite.Domain.csproj", "{5757A680-0B75-4654-96B7-FEAAF68E6F99}"
EndProject
Project("{FAE04EC0-301F-11D3-BF4B-00C04F79EFBC}") = "Edunite.Infrastructure", "Edunite.Infrastructure\Edunite.Infrastructure.csproj", "{0366E7E9-9D8D-4A81-A596-4615DC7E1794}"
EndProject
Project("{FAE04EC0-301F-11D3-BF4B-00C04F79EFBC}") = "Edunite.Presentation", "Edunite.Presentation\Edunite.Presentation.csproj", "{B0EB7BFA-5140-4A8C-BEC1-28297FB9490B}"
EndProject
Global
	GlobalSection(SolutionConfigurationPlatforms) = preSolution
		Debug|Any CPU = Debug|Any CPU
		Release|Any CPU = Release|Any CPU
	EndGlobalSection
	GlobalSection(ProjectConfigurationPlatforms) = postSolution
		{4DFAC2E4-C459-4E06-B7C0-482967024AD2}.Debug|Any CPU.ActiveCfg = Debug|Any CPU
		{4DFAC2E4-C459-4E06-B7C0-482967024AD2}.Debug|Any CPU.Build.0 = Debug|Any CPU
		{4DFAC2E4-C459-4E06-B7C0-482967024AD2}.Release|Any CPU.ActiveCfg = Release|Any CPU
		{4DFAC2E4-C459-4E06-B7C0-482967024AD2}.Release|Any CPU.Build.0 = Release|Any CPU
		{8F393109-FC47-4F8B-9305-94DAA51330A3}.Debug|Any CPU.ActiveCfg = Debug|Any CPU
		{8F393109-FC47-4F8B-9305-94DAA51330A3}.Debug|Any CPU.Build.0 = Debug|Any CPU
		{8F393109-FC47-4F8B-9305-94DAA51330A3}.Release|Any CPU.ActiveCfg = Release|Any CPU
		{8F393109-FC47-4F8B-9305-94DAA51330A3}.Release|Any CPU.Build.0 = Release|Any CPU
		{04E0051A-F5EF-41E7-B196-7A73B4DB6E2D}.Debug|Any CPU.ActiveCfg = Debug|Any CPU
		{04E0051A-F5EF-41E7-B196-7A73B4DB6E2D}.Debug|Any CPU.Build.0 = Debug|Any CPU
		{04E0051A-F5EF-41E7-B196-7A73B4DB6E2D}.Release|Any CPU.ActiveCfg = Release|Any CPU
		{04E0051A-F5EF-41E7-B196-7A73B4DB6E2D}.Release|Any CPU.Build.0 = Release|Any CPU
		{B4CBF42B-910B-4D1D-9D56-398A115FBDC1}.Debug|Any CPU.ActiveCfg = Debug|Any CPU
		{B4CBF42B-910B-4D1D-9D56-398A115FBDC1}.Debug|Any CPU.Build.0 = Debug|Any CPU
		{B4CBF42B-910B-4D1D-9D56-398A115FBDC1}.Release|Any CPU.ActiveCfg = Release|Any CPU
		{B4CBF42B-910B-4D1D-9D56-398A115FBDC1}.Release|Any CPU.Build.0 = Release|Any CPU
		{C6EC9643-510B-4236-BE70-260D16C28267}.Debug|Any CPU.ActiveCfg = Debug|Any CPU
		{C6EC9643-510B-4236-BE70-260D16C28267}.Debug|Any CPU.Build.0 = Debug|Any CPU
		{C6EC9643-510B-4236-BE70-260D16C28267}.Release|Any CPU.ActiveCfg = Release|Any CPU
		{C6EC9643-510B-4236-BE70-260D16C28267}.Release|Any CPU.Build.0 = Release|Any CPU
		{D0E068C4-D9E7-4A2F-9834-EBCD9BCC7A0D}.Debug|Any CPU.ActiveCfg = Debug|Any CPU
		{D0E068C4-D9E7-4A2F-9834-EBCD9BCC7A0D}.Debug|Any CPU.Build.0 = Debug|Any CPU
		{D0E068C4-D9E7-4A2F-9834-EBCD9BCC7A0D}.Release|Any CPU.ActiveCfg = Release|Any CPU
		{D0E068C4-D9E7-4A2F-9834-EBCD9BCC7A0D}.Release|Any CPU.Build.0 = Release|Any CPU
		{5757A680-0B75-4654-96B7-FEAAF68E6F99}.Debug|Any CPU.ActiveCfg = Debug|Any CPU
		{5757A680-0B75-4654-96B7-FEAAF68E6F99}.Debug|Any CPU.Build.0 = Debug|Any CPU
		{5757A680-0B75-4654-96B7-FEAAF68E6F99}.Release|Any CPU.ActiveCfg = Release|Any CPU
		{5757A680-0B75-4654-96B7-FEAAF68E6F99}.Release|Any CPU.Build.0 = Release|Any CPU
		{0366E7E9-9D8D-4A81-A596-4615DC7E1794}.Debug|Any CPU.ActiveCfg = Debug|Any CPU
		{0366E7E9-9D8D-4A81-A596-4615DC7E1794}.Debug|Any CPU.Build.0 = Debug|Any CPU
		{0366E7E9-9D8D-4A81-A596-4615DC7E1794}.Release|Any CPU.ActiveCfg = Release|Any CPU
		{0366E7E9-9D8D-4A81-A596-4615DC7E1794}.Release|Any CPU.Build.0 = Release|Any CPU
		{B0EB7BFA-5140-4A8C-BEC1-28297FB9490B}.Debug|Any CPU.ActiveCfg = Debug|Any CPU
		{B0EB7BFA-5140-4A8C-BEC1-28297FB9490B}.Debug|Any CPU.Build.0 = Debug|Any CPU
		{B0EB7BFA-5140-4A8C-BEC1-28297FB9490B}.Release|Any CPU.ActiveCfg = Release|Any CPU
		{B0EB7BFA-5140-4A8C-BEC1-28297FB9490B}.Release|Any CPU.Build.0 = Release|Any CPU
	EndGlobalSection
	GlobalSection(SolutionProperties) = preSolution
		HideSolutionNode = FALSE
	EndGlobalSection
	GlobalSection(NestedProjects) = preSolution
		{4DFAC2E4-C459-4E06-B7C0-482967024AD2} = {3C2E3BD6-EF59-4C13-9F59-E1B583ED4998}
		{8F393109-FC47-4F8B-9305-94DAA51330A3} = {3C2E3BD6-EF59-4C13-9F59-E1B583ED4998}
		{04E0051A-F5EF-41E7-B196-7A73B4DB6E2D} = {3C2E3BD6-EF59-4C13-9F59-E1B583ED4998}
		{B4CBF42B-910B-4D1D-9D56-398A115FBDC1} = {3C2E3BD6-EF59-4C13-9F59-E1B583ED4998}
		{C6EC9643-510B-4236-BE70-260D16C28267} = {3C2E3BD6-EF59-4C13-9F59-E1B583ED4998}
		{D0E068C4-D9E7-4A2F-9834-EBCD9BCC7A0D} = {A26680F8-73FE-4442-A903-196B17889F47}
		{5757A680-0B75-4654-96B7-FEAAF68E6F99} = {A26680F8-73FE-4442-A903-196B17889F47}
		{0366E7E9-9D8D-4A81-A596-4615DC7E1794} = {A26680F8-73FE-4442-A903-196B17889F47}
		{B0EB7BFA-5140-4A8C-BEC1-28297FB9490B} = {A26680F8-73FE-4442-A903-196B17889F47}
	EndGlobalSection
EndGlobal
